// !$*UTF8*$!
{
	archiveVersion = 1;
	classes = {
	};
	objectVersion = 46;
	objects = {

/* Begin PBXBuildFile section */
		633ABBF21D6F1A2F004819D1 /* AppDelegate.swift in Sources */ = {isa = PBXBuildFile; fileRef = 633ABBF11D6F1A2F004819D1 /* AppDelegate.swift */; };
		633ABBF41D6F1A2F004819D1 /* TopBranchViewController.swift in Sources */ = {isa = PBXBuildFile; fileRef = 633ABBF31D6F1A2F004819D1 /* TopBranchViewController.swift */; };
		633ABBF71D6F1A2F004819D1 /* Top-Main.storyboard in Resources */ = {isa = PBXBuildFile; fileRef = 633ABBF51D6F1A2F004819D1 /* Top-Main.storyboard */; };
		633ABBF91D6F1A2F004819D1 /* Assets.xcassets in Resources */ = {isa = PBXBuildFile; fileRef = 633ABBF81D6F1A2F004819D1 /* Assets.xcassets */; };
		633ABC071D6F1A2F004819D1 /* MatchyTest01Tests.swift in Sources */ = {isa = PBXBuildFile; fileRef = 633ABC061D6F1A2F004819D1 /* MatchyTest01Tests.swift */; };
		633ABC121D6F1A2F004819D1 /* MatchyTest01UITests.swift in Sources */ = {isa = PBXBuildFile; fileRef = 633ABC111D6F1A2F004819D1 /* MatchyTest01UITests.swift */; };
		6348810F1D7A514900038261 /* UnivMyPageViewController.swift in Sources */ = {isa = PBXBuildFile; fileRef = 6348810E1D7A514900038261 /* UnivMyPageViewController.swift */; };
		634881111D7A520600038261 /* UnivUser-Main.storyboard in Resources */ = {isa = PBXBuildFile; fileRef = 634881101D7A520600038261 /* UnivUser-Main.storyboard */; };
		634881161D7A578800038261 /* tab_mypage_T.png in Resources */ = {isa = PBXBuildFile; fileRef = 634881121D7A578800038261 /* tab_mypage_T.png */; };
		634881171D7A578800038261 /* tab_mypage_F.png in Resources */ = {isa = PBXBuildFile; fileRef = 634881131D7A578800038261 /* tab_mypage_F.png */; };
		634881181D7A578800038261 /* tab_newrequest_T.png in Resources */ = {isa = PBXBuildFile; fileRef = 634881141D7A578800038261 /* tab_newrequest_T.png */; };
		634881191D7A578800038261 /* tab_newrequest_F.png in Resources */ = {isa = PBXBuildFile; fileRef = 634881151D7A578800038261 /* tab_newrequest_F.png */; };
		6348811D1D7A7E6600038261 /* QuestionViewController.swift in Sources */ = {isa = PBXBuildFile; fileRef = 6348811C1D7A7E6600038261 /* QuestionViewController.swift */; };
		634881271D7A7FA800038261 /* aguri.jpg in Resources */ = {isa = PBXBuildFile; fileRef = 6348811F1D7A7FA800038261 /* aguri.jpg */; };
		634881281D7A7FA800038261 /* daifuku1.jpg in Resources */ = {isa = PBXBuildFile; fileRef = 634881201D7A7FA800038261 /* daifuku1.jpg */; };
		634881291D7A7FA800038261 /* honami1.jpg in Resources */ = {isa = PBXBuildFile; fileRef = 634881211D7A7FA800038261 /* honami1.jpg */; };
		6348812A1D7A7FA800038261 /* horse01.png in Resources */ = {isa = PBXBuildFile; fileRef = 634881221D7A7FA800038261 /* horse01.png */; };
		6348812B1D7A7FA800038261 /* inocci.png in Resources */ = {isa = PBXBuildFile; fileRef = 634881231D7A7FA800038261 /* inocci.png */; };
		6348812C1D7A7FA800038261 /* kobaton.jpg in Resources */ = {isa = PBXBuildFile; fileRef = 634881241D7A7FA800038261 /* kobaton.jpg */; };
		6348812D1D7A7FA800038261 /* monkey01.png in Resources */ = {isa = PBXBuildFile; fileRef = 634881251D7A7FA800038261 /* monkey01.png */; };
		6348812E1D7A7FA800038261 /* saki1.jpg in Resources */ = {isa = PBXBuildFile; fileRef = 634881261D7A7FA800038261 /* saki1.jpg */; };
		634881301D7A834A00038261 /* UnivFollowerTableViewCell.swift in Sources */ = {isa = PBXBuildFile; fileRef = 6348812F1D7A834A00038261 /* UnivFollowerTableViewCell.swift */; };
		634881321D7A992500038261 /* QuestionPostTableViewCell.swift in Sources */ = {isa = PBXBuildFile; fileRef = 634881311D7A992500038261 /* QuestionPostTableViewCell.swift */; };
		634881341D7AA88000038261 /* QuestionDetailViewController.swift in Sources */ = {isa = PBXBuildFile; fileRef = 634881331D7AA88000038261 /* QuestionDetailViewController.swift */; };
		634881381D7AFB7C00038261 /* AnswerInputViewController.swift in Sources */ = {isa = PBXBuildFile; fileRef = 634881371D7AFB7C00038261 /* AnswerInputViewController.swift */; };
		6348814A1D7D427200038261 /* UnivTabBarController.swift in Sources */ = {isa = PBXBuildFile; fileRef = 634881491D7D427200038261 /* UnivTabBarController.swift */; };
		634881531D7D441700038261 /* .gitignore in Resources */ = {isa = PBXBuildFile; fileRef = 6348814C1D7D441700038261 /* .gitignore */; };
		634881541D7D441700038261 /* .gitignore in Resources */ = {isa = PBXBuildFile; fileRef = 6348814C1D7D441700038261 /* .gitignore */; };
		634881551D7D441700038261 /* .gitignore in Resources */ = {isa = PBXBuildFile; fileRef = 6348814C1D7D441700038261 /* .gitignore */; };
		634881561D7D441700038261 /* Default-568h@2x.png in Resources */ = {isa = PBXBuildFile; fileRef = 6348814E1D7D441700038261 /* Default-568h@2x.png */; };
		634881571D7D441700038261 /* Default-568h@2x.png in Resources */ = {isa = PBXBuildFile; fileRef = 6348814E1D7D441700038261 /* Default-568h@2x.png */; };
		634881581D7D441700038261 /* Default-568h@2x.png in Resources */ = {isa = PBXBuildFile; fileRef = 6348814E1D7D441700038261 /* Default-568h@2x.png */; };
		634881591D7D441700038261 /* Default-667h@2x.png in Resources */ = {isa = PBXBuildFile; fileRef = 6348814F1D7D441700038261 /* Default-667h@2x.png */; };
		6348815A1D7D441700038261 /* Default-667h@2x.png in Resources */ = {isa = PBXBuildFile; fileRef = 6348814F1D7D441700038261 /* Default-667h@2x.png */; };
		6348815B1D7D441700038261 /* Default-667h@2x.png in Resources */ = {isa = PBXBuildFile; fileRef = 6348814F1D7D441700038261 /* Default-667h@2x.png */; };
		6348815C1D7D441700038261 /* Default-736h@3x.png in Resources */ = {isa = PBXBuildFile; fileRef = 634881501D7D441700038261 /* Default-736h@3x.png */; };
		6348815D1D7D441700038261 /* Default-736h@3x.png in Resources */ = {isa = PBXBuildFile; fileRef = 634881501D7D441700038261 /* Default-736h@3x.png */; };
		6348815E1D7D441700038261 /* Default-736h@3x.png in Resources */ = {isa = PBXBuildFile; fileRef = 634881501D7D441700038261 /* Default-736h@3x.png */; };
		6348815F1D7D441700038261 /* README.md in Sources */ = {isa = PBXBuildFile; fileRef = 634881511D7D441700038261 /* README.md */; };
		634881621D7D441700038261 /* StoryboardHelper.swift in Sources */ = {isa = PBXBuildFile; fileRef = 634881521D7D441700038261 /* StoryboardHelper.swift */; };
		634881681D7D5B0700038261 /* AnswerConfirmViewController.swift in Sources */ = {isa = PBXBuildFile; fileRef = 634881671D7D5B0700038261 /* AnswerConfirmViewController.swift */; };
		6348816C1D7D787500038261 /* MatchyColor.swift in Sources */ = {isa = PBXBuildFile; fileRef = 6348816B1D7D787500038261 /* MatchyColor.swift */; };
		6348816D1D7D787500038261 /* MatchyColor.swift in Sources */ = {isa = PBXBuildFile; fileRef = 6348816B1D7D787500038261 /* MatchyColor.swift */; };
		6348816E1D7D787500038261 /* MatchyColor.swift in Sources */ = {isa = PBXBuildFile; fileRef = 6348816B1D7D787500038261 /* MatchyColor.swift */; };
		634881711D7E9A6900038261 /* QuestionForUnivModel.swift in Sources */ = {isa = PBXBuildFile; fileRef = 634881701D7E9A6900038261 /* QuestionForUnivModel.swift */; };
		634881721D7E9A6900038261 /* QuestionForUnivModel.swift in Sources */ = {isa = PBXBuildFile; fileRef = 634881701D7E9A6900038261 /* QuestionForUnivModel.swift */; };
		634881731D7E9A6900038261 /* QuestionForUnivModel.swift in Sources */ = {isa = PBXBuildFile; fileRef = 634881701D7E9A6900038261 /* QuestionForUnivModel.swift */; };
		63D26F7A1D804B0000FEE093 /* String+Extension.swift in Sources */ = {isa = PBXBuildFile; fileRef = 63D26F791D804AFF00FEE093 /* String+Extension.swift */; };
		63D26F7C1D804DC500FEE093 /* NSTimeInterval+Extension.swift in Sources */ = {isa = PBXBuildFile; fileRef = 63D26F7B1D804DC500FEE093 /* NSTimeInterval+Extension.swift */; };
		63D26F821D80EBB200FEE093 /* HighSchUser-Main.storyboard in Resources */ = {isa = PBXBuildFile; fileRef = 63D26F811D80EBB200FEE093 /* HighSchUser-Main.storyboard */; };
		63D26F861D81929200FEE093 /* MyQuestionListViewController.swift in Sources */ = {isa = PBXBuildFile; fileRef = 63D26F851D81929200FEE093 /* MyQuestionListViewController.swift */; };
		63D26F891D81940200FEE093 /* MyQuestionListTableViewCell.swift in Sources */ = {isa = PBXBuildFile; fileRef = 63D26F871D81940200FEE093 /* MyQuestionListTableViewCell.swift */; };
		63D26F8C1D819AD400FEE093 /* RespondentModel.swift in Sources */ = {isa = PBXBuildFile; fileRef = 63D26F8B1D819AD400FEE093 /* RespondentModel.swift */; };
		63D26F8E1D819B0500FEE093 /* QuestionForHighSchModel.swift in Sources */ = {isa = PBXBuildFile; fileRef = 63D26F8D1D819B0500FEE093 /* QuestionForHighSchModel.swift */; };
		63D26F951D819F9800FEE093 /* kasumin.jpg in Resources */ = {isa = PBXBuildFile; fileRef = 63D26F8F1D819F9800FEE093 /* kasumin.jpg */; };
		63D26F961D819F9800FEE093 /* maeP.jpg in Resources */ = {isa = PBXBuildFile; fileRef = 63D26F901D819F9800FEE093 /* maeP.jpg */; };
		63D26F971D819F9800FEE093 /* shinoki.jpg in Resources */ = {isa = PBXBuildFile; fileRef = 63D26F911D819F9800FEE093 /* shinoki.jpg */; };
		63D26F981D819F9800FEE093 /* hem.jpg in Resources */ = {isa = PBXBuildFile; fileRef = 63D26F921D819F9800FEE093 /* hem.jpg */; };
		63D26F991D819F9800FEE093 /* kiyo.jpg in Resources */ = {isa = PBXBuildFile; fileRef = 63D26F931D819F9800FEE093 /* kiyo.jpg */; };
		63D26F9A1D819F9800FEE093 /* shota.jpg in Resources */ = {isa = PBXBuildFile; fileRef = 63D26F941D819F9800FEE093 /* shota.jpg */; };
		63D26FA11D81A0E900FEE093 /* penguin.jpeg in Resources */ = {isa = PBXBuildFile; fileRef = 63D26F9D1D81A0E900FEE093 /* penguin.jpeg */; };
		63D26FA21D81A0E900FEE093 /* dog.jpeg in Resources */ = {isa = PBXBuildFile; fileRef = 63D26F9E1D81A0E900FEE093 /* dog.jpeg */; };
		63D26FA31D81A0E900FEE093 /* panda.jpeg in Resources */ = {isa = PBXBuildFile; fileRef = 63D26F9F1D81A0E900FEE093 /* panda.jpeg */; };
		63D26FA41D81A0E900FEE093 /* rat.jpeg in Resources */ = {isa = PBXBuildFile; fileRef = 63D26FA01D81A0E900FEE093 /* rat.jpeg */; };
/* End PBXBuildFile section */

/* Begin PBXContainerItemProxy section */
		633ABC031D6F1A2F004819D1 /* PBXContainerItemProxy */ = {
			isa = PBXContainerItemProxy;
			containerPortal = 633ABBE61D6F1A2F004819D1 /* Project object */;
			proxyType = 1;
			remoteGlobalIDString = 633ABBED1D6F1A2F004819D1;
			remoteInfo = MatchyTest01;
		};
		633ABC0E1D6F1A2F004819D1 /* PBXContainerItemProxy */ = {
			isa = PBXContainerItemProxy;
			containerPortal = 633ABBE61D6F1A2F004819D1 /* Project object */;
			proxyType = 1;
			remoteGlobalIDString = 633ABBED1D6F1A2F004819D1;
			remoteInfo = MatchyTest01;
		};
/* End PBXContainerItemProxy section */

/* Begin PBXFileReference section */
		633ABBEE1D6F1A2F004819D1 /* MatchyTest01.app */ = {isa = PBXFileReference; explicitFileType = wrapper.application; includeInIndex = 0; path = MatchyTest01.app; sourceTree = BUILT_PRODUCTS_DIR; };
		633ABBF11D6F1A2F004819D1 /* AppDelegate.swift */ = {isa = PBXFileReference; lastKnownFileType = sourcecode.swift; path = AppDelegate.swift; sourceTree = "<group>"; };
		633ABBF31D6F1A2F004819D1 /* TopBranchViewController.swift */ = {isa = PBXFileReference; lastKnownFileType = sourcecode.swift; path = TopBranchViewController.swift; sourceTree = "<group>"; };
		633ABBF61D6F1A2F004819D1 /* Base */ = {isa = PBXFileReference; lastKnownFileType = file.storyboard; name = Base; path = "Base.lproj/Top-Main.storyboard"; sourceTree = "<group>"; };
		633ABBF81D6F1A2F004819D1 /* Assets.xcassets */ = {isa = PBXFileReference; lastKnownFileType = folder.assetcatalog; path = Assets.xcassets; sourceTree = "<group>"; };
		633ABBFD1D6F1A2F004819D1 /* Info.plist */ = {isa = PBXFileReference; lastKnownFileType = text.plist.xml; path = Info.plist; sourceTree = "<group>"; };
		633ABC021D6F1A2F004819D1 /* MatchyTest01Tests.xctest */ = {isa = PBXFileReference; explicitFileType = wrapper.cfbundle; includeInIndex = 0; path = MatchyTest01Tests.xctest; sourceTree = BUILT_PRODUCTS_DIR; };
		633ABC061D6F1A2F004819D1 /* MatchyTest01Tests.swift */ = {isa = PBXFileReference; lastKnownFileType = sourcecode.swift; path = MatchyTest01Tests.swift; sourceTree = "<group>"; };
		633ABC081D6F1A2F004819D1 /* Info.plist */ = {isa = PBXFileReference; lastKnownFileType = text.plist.xml; path = Info.plist; sourceTree = "<group>"; };
		633ABC0D1D6F1A2F004819D1 /* MatchyTest01UITests.xctest */ = {isa = PBXFileReference; explicitFileType = wrapper.cfbundle; includeInIndex = 0; path = MatchyTest01UITests.xctest; sourceTree = BUILT_PRODUCTS_DIR; };
		633ABC111D6F1A2F004819D1 /* MatchyTest01UITests.swift */ = {isa = PBXFileReference; lastKnownFileType = sourcecode.swift; path = MatchyTest01UITests.swift; sourceTree = "<group>"; };
		633ABC131D6F1A2F004819D1 /* Info.plist */ = {isa = PBXFileReference; lastKnownFileType = text.plist.xml; path = Info.plist; sourceTree = "<group>"; };
		6348810E1D7A514900038261 /* UnivMyPageViewController.swift */ = {isa = PBXFileReference; fileEncoding = 4; lastKnownFileType = sourcecode.swift; path = UnivMyPageViewController.swift; sourceTree = "<group>"; };
		634881101D7A520600038261 /* UnivUser-Main.storyboard */ = {isa = PBXFileReference; fileEncoding = 4; lastKnownFileType = file.storyboard; path = "UnivUser-Main.storyboard"; sourceTree = "<group>"; };
		634881121D7A578800038261 /* tab_mypage_T.png */ = {isa = PBXFileReference; lastKnownFileType = image.png; path = tab_mypage_T.png; sourceTree = "<group>"; };
		634881131D7A578800038261 /* tab_mypage_F.png */ = {isa = PBXFileReference; lastKnownFileType = image.png; path = tab_mypage_F.png; sourceTree = "<group>"; };
		634881141D7A578800038261 /* tab_newrequest_T.png */ = {isa = PBXFileReference; lastKnownFileType = image.png; path = tab_newrequest_T.png; sourceTree = "<group>"; };
		634881151D7A578800038261 /* tab_newrequest_F.png */ = {isa = PBXFileReference; lastKnownFileType = image.png; path = tab_newrequest_F.png; sourceTree = "<group>"; };
		6348811C1D7A7E6600038261 /* QuestionViewController.swift */ = {isa = PBXFileReference; fileEncoding = 4; lastKnownFileType = sourcecode.swift; path = QuestionViewController.swift; sourceTree = "<group>"; };
		6348811F1D7A7FA800038261 /* aguri.jpg */ = {isa = PBXFileReference; lastKnownFileType = image.jpeg; path = aguri.jpg; sourceTree = "<group>"; };
		634881201D7A7FA800038261 /* daifuku1.jpg */ = {isa = PBXFileReference; lastKnownFileType = image.jpeg; path = daifuku1.jpg; sourceTree = "<group>"; };
		634881211D7A7FA800038261 /* honami1.jpg */ = {isa = PBXFileReference; lastKnownFileType = image.jpeg; path = honami1.jpg; sourceTree = "<group>"; };
		634881221D7A7FA800038261 /* horse01.png */ = {isa = PBXFileReference; lastKnownFileType = image.png; path = horse01.png; sourceTree = "<group>"; };
		634881231D7A7FA800038261 /* inocci.png */ = {isa = PBXFileReference; lastKnownFileType = image.png; path = inocci.png; sourceTree = "<group>"; };
		634881241D7A7FA800038261 /* kobaton.jpg */ = {isa = PBXFileReference; lastKnownFileType = image.jpeg; path = kobaton.jpg; sourceTree = "<group>"; };
		634881251D7A7FA800038261 /* monkey01.png */ = {isa = PBXFileReference; lastKnownFileType = image.png; path = monkey01.png; sourceTree = "<group>"; };
		634881261D7A7FA800038261 /* saki1.jpg */ = {isa = PBXFileReference; lastKnownFileType = image.jpeg; path = saki1.jpg; sourceTree = "<group>"; };
		6348812F1D7A834A00038261 /* UnivFollowerTableViewCell.swift */ = {isa = PBXFileReference; fileEncoding = 4; lastKnownFileType = sourcecode.swift; path = UnivFollowerTableViewCell.swift; sourceTree = "<group>"; };
		634881311D7A992500038261 /* QuestionPostTableViewCell.swift */ = {isa = PBXFileReference; fileEncoding = 4; lastKnownFileType = sourcecode.swift; path = QuestionPostTableViewCell.swift; sourceTree = "<group>"; };
		634881331D7AA88000038261 /* QuestionDetailViewController.swift */ = {isa = PBXFileReference; fileEncoding = 4; lastKnownFileType = sourcecode.swift; path = QuestionDetailViewController.swift; sourceTree = "<group>"; };
		634881371D7AFB7C00038261 /* AnswerInputViewController.swift */ = {isa = PBXFileReference; fileEncoding = 4; lastKnownFileType = sourcecode.swift; path = AnswerInputViewController.swift; sourceTree = "<group>"; };
		634881491D7D427200038261 /* UnivTabBarController.swift */ = {isa = PBXFileReference; fileEncoding = 4; lastKnownFileType = sourcecode.swift; path = UnivTabBarController.swift; sourceTree = "<group>"; };
		6348814C1D7D441700038261 /* .gitignore */ = {isa = PBXFileReference; fileEncoding = 4; lastKnownFileType = text; path = .gitignore; sourceTree = "<group>"; };
		6348814E1D7D441700038261 /* Default-568h@2x.png */ = {isa = PBXFileReference; lastKnownFileType = image.png; path = "Default-568h@2x.png"; sourceTree = "<group>"; };
		6348814F1D7D441700038261 /* Default-667h@2x.png */ = {isa = PBXFileReference; lastKnownFileType = image.png; path = "Default-667h@2x.png"; sourceTree = "<group>"; };
		634881501D7D441700038261 /* Default-736h@3x.png */ = {isa = PBXFileReference; lastKnownFileType = image.png; path = "Default-736h@3x.png"; sourceTree = "<group>"; };
		634881511D7D441700038261 /* README.md */ = {isa = PBXFileReference; fileEncoding = 4; lastKnownFileType = net.daringfireball.markdown; path = README.md; sourceTree = "<group>"; };
		634881521D7D441700038261 /* StoryboardHelper.swift */ = {isa = PBXFileReference; fileEncoding = 4; lastKnownFileType = sourcecode.swift; path = StoryboardHelper.swift; sourceTree = "<group>"; };
		634881671D7D5B0700038261 /* AnswerConfirmViewController.swift */ = {isa = PBXFileReference; fileEncoding = 4; lastKnownFileType = sourcecode.swift; path = AnswerConfirmViewController.swift; sourceTree = "<group>"; };
		6348816B1D7D787500038261 /* MatchyColor.swift */ = {isa = PBXFileReference; fileEncoding = 4; lastKnownFileType = sourcecode.swift; path = MatchyColor.swift; sourceTree = "<group>"; };
		634881701D7E9A6900038261 /* QuestionForUnivModel.swift */ = {isa = PBXFileReference; fileEncoding = 4; lastKnownFileType = sourcecode.swift; path = QuestionForUnivModel.swift; sourceTree = "<group>"; };
		63D26F791D804AFF00FEE093 /* String+Extension.swift */ = {isa = PBXFileReference; fileEncoding = 4; lastKnownFileType = sourcecode.swift; path = "String+Extension.swift"; sourceTree = "<group>"; };
		63D26F7B1D804DC500FEE093 /* NSTimeInterval+Extension.swift */ = {isa = PBXFileReference; fileEncoding = 4; lastKnownFileType = sourcecode.swift; path = "NSTimeInterval+Extension.swift"; sourceTree = "<group>"; };
		63D26F811D80EBB200FEE093 /* HighSchUser-Main.storyboard */ = {isa = PBXFileReference; fileEncoding = 4; lastKnownFileType = file.storyboard; path = "HighSchUser-Main.storyboard"; sourceTree = "<group>"; };
		63D26F851D81929200FEE093 /* MyQuestionListViewController.swift */ = {isa = PBXFileReference; fileEncoding = 4; lastKnownFileType = sourcecode.swift; path = MyQuestionListViewController.swift; sourceTree = "<group>"; };
		63D26F871D81940200FEE093 /* MyQuestionListTableViewCell.swift */ = {isa = PBXFileReference; fileEncoding = 4; lastKnownFileType = sourcecode.swift; path = MyQuestionListTableViewCell.swift; sourceTree = "<group>"; };
		63D26F8B1D819AD400FEE093 /* RespondentModel.swift */ = {isa = PBXFileReference; fileEncoding = 4; lastKnownFileType = sourcecode.swift; path = RespondentModel.swift; sourceTree = "<group>"; };
		63D26F8D1D819B0500FEE093 /* QuestionForHighSchModel.swift */ = {isa = PBXFileReference; fileEncoding = 4; lastKnownFileType = sourcecode.swift; path = QuestionForHighSchModel.swift; sourceTree = "<group>"; };
		63D26F8F1D819F9800FEE093 /* kasumin.jpg */ = {isa = PBXFileReference; lastKnownFileType = image.jpeg; path = kasumin.jpg; sourceTree = "<group>"; };
		63D26F901D819F9800FEE093 /* maeP.jpg */ = {isa = PBXFileReference; lastKnownFileType = image.jpeg; path = maeP.jpg; sourceTree = "<group>"; };
		63D26F911D819F9800FEE093 /* shinoki.jpg */ = {isa = PBXFileReference; lastKnownFileType = image.jpeg; path = shinoki.jpg; sourceTree = "<group>"; };
		63D26F921D819F9800FEE093 /* hem.jpg */ = {isa = PBXFileReference; lastKnownFileType = image.jpeg; path = hem.jpg; sourceTree = "<group>"; };
		63D26F931D819F9800FEE093 /* kiyo.jpg */ = {isa = PBXFileReference; lastKnownFileType = image.jpeg; path = kiyo.jpg; sourceTree = "<group>"; };
		63D26F941D819F9800FEE093 /* shota.jpg */ = {isa = PBXFileReference; lastKnownFileType = image.jpeg; path = shota.jpg; sourceTree = "<group>"; };
		63D26F9D1D81A0E900FEE093 /* penguin.jpeg */ = {isa = PBXFileReference; lastKnownFileType = image.jpeg; path = penguin.jpeg; sourceTree = "<group>"; };
		63D26F9E1D81A0E900FEE093 /* dog.jpeg */ = {isa = PBXFileReference; lastKnownFileType = image.jpeg; path = dog.jpeg; sourceTree = "<group>"; };
		63D26F9F1D81A0E900FEE093 /* panda.jpeg */ = {isa = PBXFileReference; lastKnownFileType = image.jpeg; path = panda.jpeg; sourceTree = "<group>"; };
		63D26FA01D81A0E900FEE093 /* rat.jpeg */ = {isa = PBXFileReference; lastKnownFileType = image.jpeg; path = rat.jpeg; sourceTree = "<group>"; };
/* End PBXFileReference section */

/* Begin PBXFrameworksBuildPhase section */
		633ABBEB1D6F1A2F004819D1 /* Frameworks */ = {
			isa = PBXFrameworksBuildPhase;
			buildActionMask = 2147483647;
			files = (
			);
			runOnlyForDeploymentPostprocessing = 0;
		};
		633ABBFF1D6F1A2F004819D1 /* Frameworks */ = {
			isa = PBXFrameworksBuildPhase;
			buildActionMask = 2147483647;
			files = (
			);
			runOnlyForDeploymentPostprocessing = 0;
		};
		633ABC0A1D6F1A2F004819D1 /* Frameworks */ = {
			isa = PBXFrameworksBuildPhase;
			buildActionMask = 2147483647;
			files = (
			);
			runOnlyForDeploymentPostprocessing = 0;
		};
/* End PBXFrameworksBuildPhase section */

/* Begin PBXGroup section */
		633ABBE51D6F1A2F004819D1 = {
			isa = PBXGroup;
			children = (
				633ABBF01D6F1A2F004819D1 /* MatchyTest01 */,
				633ABC051D6F1A2F004819D1 /* MatchyTest01Tests */,
				633ABC101D6F1A2F004819D1 /* MatchyTest01UITests */,
				633ABBEF1D6F1A2F004819D1 /* Products */,
				6348814B1D7D441700038261 /* StoryboardHelper */,
			);
			sourceTree = "<group>";
		};
		633ABBEF1D6F1A2F004819D1 /* Products */ = {
			isa = PBXGroup;
			children = (
				633ABBEE1D6F1A2F004819D1 /* MatchyTest01.app */,
				633ABC021D6F1A2F004819D1 /* MatchyTest01Tests.xctest */,
				633ABC0D1D6F1A2F004819D1 /* MatchyTest01UITests.xctest */,
			);
			name = Products;
			sourceTree = "<group>";
		};
		633ABBF01D6F1A2F004819D1 /* MatchyTest01 */ = {
			isa = PBXGroup;
			children = (
				633ABBF11D6F1A2F004819D1 /* AppDelegate.swift */,
				633ABBF31D6F1A2F004819D1 /* TopBranchViewController.swift */,
				633ABBF51D6F1A2F004819D1 /* Top-Main.storyboard */,
				6348816B1D7D787500038261 /* MatchyColor.swift */,
				6348816F1D7E887C00038261 /* UniversityView */,
				63D26F801D80EB0000FEE093 /* HighSchoolView */,
				63D26F7D1D80E7BB00FEE093 /* Extension */,
				6348811A1D7A578C00038261 /* sampleImage */,
				633ABBF81D6F1A2F004819D1 /* Assets.xcassets */,
				633ABBFD1D6F1A2F004819D1 /* Info.plist */,
			);
			path = MatchyTest01;
			sourceTree = "<group>";
		};
		633ABC051D6F1A2F004819D1 /* MatchyTest01Tests */ = {
			isa = PBXGroup;
			children = (
				633ABC061D6F1A2F004819D1 /* MatchyTest01Tests.swift */,
				633ABC081D6F1A2F004819D1 /* Info.plist */,
			);
			path = MatchyTest01Tests;
			sourceTree = "<group>";
		};
		633ABC101D6F1A2F004819D1 /* MatchyTest01UITests */ = {
			isa = PBXGroup;
			children = (
				633ABC111D6F1A2F004819D1 /* MatchyTest01UITests.swift */,
				633ABC131D6F1A2F004819D1 /* Info.plist */,
			);
			path = MatchyTest01UITests;
			sourceTree = "<group>";
		};
		6348811A1D7A578C00038261 /* sampleImage */ = {
			isa = PBXGroup;
			children = (
				6348811E1D7A7FA800038261 /* SamplePersonImage */,
				6348811B1D7A57B100038261 /* TabIcon */,
			);
			name = sampleImage;
			sourceTree = "<group>";
		};
		6348811B1D7A57B100038261 /* TabIcon */ = {
			isa = PBXGroup;
			children = (
				634881121D7A578800038261 /* tab_mypage_T.png */,
				634881131D7A578800038261 /* tab_mypage_F.png */,
				634881141D7A578800038261 /* tab_newrequest_T.png */,
				634881151D7A578800038261 /* tab_newrequest_F.png */,
			);
			name = TabIcon;
			sourceTree = "<group>";
		};
		6348811E1D7A7FA800038261 /* SamplePersonImage */ = {
			isa = PBXGroup;
			children = (
				63D26F9C1D819FFB00FEE093 /* HighSch */,
				63D26F9B1D819FD400FEE093 /* Univ */,
			);
			path = SamplePersonImage;
			sourceTree = "<group>";
		};
		6348814B1D7D441700038261 /* StoryboardHelper */ = {
			isa = PBXGroup;
			children = (
				6348814C1D7D441700038261 /* .gitignore */,
				6348814D1D7D441700038261 /* Defaults */,
				634881511D7D441700038261 /* README.md */,
				634881521D7D441700038261 /* StoryboardHelper.swift */,
			);
			path = StoryboardHelper;
			sourceTree = "<group>";
		};
		6348814D1D7D441700038261 /* Defaults */ = {
			isa = PBXGroup;
			children = (
				6348814E1D7D441700038261 /* Default-568h@2x.png */,
				6348814F1D7D441700038261 /* Default-667h@2x.png */,
				634881501D7D441700038261 /* Default-736h@3x.png */,
			);
			path = Defaults;
			sourceTree = "<group>";
		};
		6348816F1D7E887C00038261 /* UniversityView */ = {
			isa = PBXGroup;
			children = (
				634881491D7D427200038261 /* UnivTabBarController.swift */,
				63D26F7F1D80EA9400FEE093 /* QuestionView */,
				63D26F7E1D80EA6E00FEE093 /* MyPageView */,
				634881101D7A520600038261 /* UnivUser-Main.storyboard */,
			);
			name = UniversityView;
			sourceTree = "<group>";
		};
		63D26F7D1D80E7BB00FEE093 /* Extension */ = {
			isa = PBXGroup;
			children = (
				63D26F791D804AFF00FEE093 /* String+Extension.swift */,
				63D26F7B1D804DC500FEE093 /* NSTimeInterval+Extension.swift */,
			);
			name = Extension;
			sourceTree = "<group>";
		};
		63D26F7E1D80EA6E00FEE093 /* MyPageView */ = {
			isa = PBXGroup;
			children = (
				6348810E1D7A514900038261 /* UnivMyPageViewController.swift */,
				6348812F1D7A834A00038261 /* UnivFollowerTableViewCell.swift */,
			);
			name = MyPageView;
			sourceTree = "<group>";
		};
		63D26F7F1D80EA9400FEE093 /* QuestionView */ = {
			isa = PBXGroup;
			children = (
				634881701D7E9A6900038261 /* QuestionForUnivModel.swift */,
				6348811C1D7A7E6600038261 /* QuestionViewController.swift */,
				634881311D7A992500038261 /* QuestionPostTableViewCell.swift */,
				634881331D7AA88000038261 /* QuestionDetailViewController.swift */,
				634881371D7AFB7C00038261 /* AnswerInputViewController.swift */,
				634881671D7D5B0700038261 /* AnswerConfirmViewController.swift */,
			);
			name = QuestionView;
			sourceTree = "<group>";
		};
		63D26F801D80EB0000FEE093 /* HighSchoolView */ = {
			isa = PBXGroup;
			children = (
				63D26F8D1D819B0500FEE093 /* QuestionForHighSchModel.swift */,
				63D26F8B1D819AD400FEE093 /* RespondentModel.swift */,
				63D26F851D81929200FEE093 /* MyQuestionListViewController.swift */,
				63D26F871D81940200FEE093 /* MyQuestionListTableViewCell.swift */,
				63D26F811D80EBB200FEE093 /* HighSchUser-Main.storyboard */,
			);
			name = HighSchoolView;
			sourceTree = "<group>";
		};
		63D26F9B1D819FD400FEE093 /* Univ */ = {
			isa = PBXGroup;
			children = (
				6348811F1D7A7FA800038261 /* aguri.jpg */,
				634881201D7A7FA800038261 /* daifuku1.jpg */,
				634881211D7A7FA800038261 /* honami1.jpg */,
				634881231D7A7FA800038261 /* inocci.png */,
				634881261D7A7FA800038261 /* saki1.jpg */,
				63D26F8F1D819F9800FEE093 /* kasumin.jpg */,
				63D26F901D819F9800FEE093 /* maeP.jpg */,
				63D26F911D819F9800FEE093 /* shinoki.jpg */,
				63D26F921D819F9800FEE093 /* hem.jpg */,
				63D26F931D819F9800FEE093 /* kiyo.jpg */,
				63D26F941D819F9800FEE093 /* shota.jpg */,
			);
			name = Univ;
			sourceTree = "<group>";
		};
		63D26F9C1D819FFB00FEE093 /* HighSch */ = {
			isa = PBXGroup;
			children = (
				634881221D7A7FA800038261 /* horse01.png */,
				634881241D7A7FA800038261 /* kobaton.jpg */,
				634881251D7A7FA800038261 /* monkey01.png */,
				63D26F9D1D81A0E900FEE093 /* penguin.jpeg */,
				63D26F9E1D81A0E900FEE093 /* dog.jpeg */,
				63D26F9F1D81A0E900FEE093 /* panda.jpeg */,
				63D26FA01D81A0E900FEE093 /* rat.jpeg */,
			);
			name = HighSch;
			sourceTree = "<group>";
		};
/* End PBXGroup section */

/* Begin PBXNativeTarget section */
		633ABBED1D6F1A2F004819D1 /* MatchyTest01 */ = {
			isa = PBXNativeTarget;
			buildConfigurationList = 633ABC161D6F1A2F004819D1 /* Build configuration list for PBXNativeTarget "MatchyTest01" */;
			buildPhases = (
				633ABBEA1D6F1A2F004819D1 /* Sources */,
				633ABBEB1D6F1A2F004819D1 /* Frameworks */,
				633ABBEC1D6F1A2F004819D1 /* Resources */,
			);
			buildRules = (
			);
			dependencies = (
			);
			name = MatchyTest01;
			productName = MatchyTest01;
			productReference = 633ABBEE1D6F1A2F004819D1 /* MatchyTest01.app */;
			productType = "com.apple.product-type.application";
		};
		633ABC011D6F1A2F004819D1 /* MatchyTest01Tests */ = {
			isa = PBXNativeTarget;
			buildConfigurationList = 633ABC191D6F1A2F004819D1 /* Build configuration list for PBXNativeTarget "MatchyTest01Tests" */;
			buildPhases = (
				633ABBFE1D6F1A2F004819D1 /* Sources */,
				633ABBFF1D6F1A2F004819D1 /* Frameworks */,
				633ABC001D6F1A2F004819D1 /* Resources */,
			);
			buildRules = (
			);
			dependencies = (
				633ABC041D6F1A2F004819D1 /* PBXTargetDependency */,
			);
			name = MatchyTest01Tests;
			productName = MatchyTest01Tests;
			productReference = 633ABC021D6F1A2F004819D1 /* MatchyTest01Tests.xctest */;
			productType = "com.apple.product-type.bundle.unit-test";
		};
		633ABC0C1D6F1A2F004819D1 /* MatchyTest01UITests */ = {
			isa = PBXNativeTarget;
			buildConfigurationList = 633ABC1C1D6F1A2F004819D1 /* Build configuration list for PBXNativeTarget "MatchyTest01UITests" */;
			buildPhases = (
				633ABC091D6F1A2F004819D1 /* Sources */,
				633ABC0A1D6F1A2F004819D1 /* Frameworks */,
				633ABC0B1D6F1A2F004819D1 /* Resources */,
			);
			buildRules = (
			);
			dependencies = (
				633ABC0F1D6F1A2F004819D1 /* PBXTargetDependency */,
			);
			name = MatchyTest01UITests;
			productName = MatchyTest01UITests;
			productReference = 633ABC0D1D6F1A2F004819D1 /* MatchyTest01UITests.xctest */;
			productType = "com.apple.product-type.bundle.ui-testing";
		};
/* End PBXNativeTarget section */

/* Begin PBXProject section */
		633ABBE61D6F1A2F004819D1 /* Project object */ = {
			isa = PBXProject;
			attributes = {
				LastSwiftUpdateCheck = 0730;
				LastUpgradeCheck = 0730;
				ORGANIZATIONNAME = "Wataru Inoue";
				TargetAttributes = {
					633ABBED1D6F1A2F004819D1 = {
						CreatedOnToolsVersion = 7.3;
						DevelopmentTeam = 44KX7M22LP;
					};
					633ABC011D6F1A2F004819D1 = {
						CreatedOnToolsVersion = 7.3;
						DevelopmentTeam = CJPA6M3LJM;
						TestTargetID = 633ABBED1D6F1A2F004819D1;
					};
					633ABC0C1D6F1A2F004819D1 = {
						CreatedOnToolsVersion = 7.3;
						DevelopmentTeam = CJPA6M3LJM;
						TestTargetID = 633ABBED1D6F1A2F004819D1;
					};
				};
			};
			buildConfigurationList = 633ABBE91D6F1A2F004819D1 /* Build configuration list for PBXProject "MatchyTest01" */;
			compatibilityVersion = "Xcode 3.2";
			developmentRegion = English;
			hasScannedForEncodings = 0;
			knownRegions = (
				en,
				Base,
			);
			mainGroup = 633ABBE51D6F1A2F004819D1;
			productRefGroup = 633ABBEF1D6F1A2F004819D1 /* Products */;
			projectDirPath = "";
			projectRoot = "";
			targets = (
				633ABBED1D6F1A2F004819D1 /* MatchyTest01 */,
				633ABC011D6F1A2F004819D1 /* MatchyTest01Tests */,
				633ABC0C1D6F1A2F004819D1 /* MatchyTest01UITests */,
			);
		};
/* End PBXProject section */

/* Begin PBXResourcesBuildPhase section */
		633ABBEC1D6F1A2F004819D1 /* Resources */ = {
			isa = PBXResourcesBuildPhase;
			buildActionMask = 2147483647;
			files = (
				63D26F981D819F9800FEE093 /* hem.jpg in Resources */,
				634881531D7D441700038261 /* .gitignore in Resources */,
				6348812C1D7A7FA800038261 /* kobaton.jpg in Resources */,
				6348812E1D7A7FA800038261 /* saki1.jpg in Resources */,
				634881171D7A578800038261 /* tab_mypage_F.png in Resources */,
				63D26FA41D81A0E900FEE093 /* rat.jpeg in Resources */,
				63D26F9A1D819F9800FEE093 /* shota.jpg in Resources */,
				634881271D7A7FA800038261 /* aguri.jpg in Resources */,
				6348812D1D7A7FA800038261 /* monkey01.png in Resources */,
				63D26F961D819F9800FEE093 /* maeP.jpg in Resources */,
				634881281D7A7FA800038261 /* daifuku1.jpg in Resources */,
				6348812A1D7A7FA800038261 /* horse01.png in Resources */,
				63D26F951D819F9800FEE093 /* kasumin.jpg in Resources */,
				634881561D7D441700038261 /* Default-568h@2x.png in Resources */,
				63D26F821D80EBB200FEE093 /* HighSchUser-Main.storyboard in Resources */,
				63D26FA21D81A0E900FEE093 /* dog.jpeg in Resources */,
				634881161D7A578800038261 /* tab_mypage_T.png in Resources */,
				6348815C1D7D441700038261 /* Default-736h@3x.png in Resources */,
				633ABBF91D6F1A2F004819D1 /* Assets.xcassets in Resources */,
				63D26F971D819F9800FEE093 /* shinoki.jpg in Resources */,
				633ABBF71D6F1A2F004819D1 /* Top-Main.storyboard in Resources */,
				634881191D7A578800038261 /* tab_newrequest_F.png in Resources */,
				634881591D7D441700038261 /* Default-667h@2x.png in Resources */,
				63D26FA11D81A0E900FEE093 /* penguin.jpeg in Resources */,
				634881181D7A578800038261 /* tab_newrequest_T.png in Resources */,
				63D26F991D819F9800FEE093 /* kiyo.jpg in Resources */,
				6348812B1D7A7FA800038261 /* inocci.png in Resources */,
				634881111D7A520600038261 /* UnivUser-Main.storyboard in Resources */,
				63D26FA31D81A0E900FEE093 /* panda.jpeg in Resources */,
				634881291D7A7FA800038261 /* honami1.jpg in Resources */,
			);
			runOnlyForDeploymentPostprocessing = 0;
		};
		633ABC001D6F1A2F004819D1 /* Resources */ = {
			isa = PBXResourcesBuildPhase;
			buildActionMask = 2147483647;
			files = (
				634881541D7D441700038261 /* .gitignore in Resources */,
				6348815A1D7D441700038261 /* Default-667h@2x.png in Resources */,
				634881571D7D441700038261 /* Default-568h@2x.png in Resources */,
				6348815D1D7D441700038261 /* Default-736h@3x.png in Resources */,
			);
			runOnlyForDeploymentPostprocessing = 0;
		};
		633ABC0B1D6F1A2F004819D1 /* Resources */ = {
			isa = PBXResourcesBuildPhase;
			buildActionMask = 2147483647;
			files = (
				634881551D7D441700038261 /* .gitignore in Resources */,
				6348815B1D7D441700038261 /* Default-667h@2x.png in Resources */,
				634881581D7D441700038261 /* Default-568h@2x.png in Resources */,
				6348815E1D7D441700038261 /* Default-736h@3x.png in Resources */,
			);
			runOnlyForDeploymentPostprocessing = 0;
		};
/* End PBXResourcesBuildPhase section */

/* Begin PBXSourcesBuildPhase section */
		633ABBEA1D6F1A2F004819D1 /* Sources */ = {
			isa = PBXSourcesBuildPhase;
			buildActionMask = 2147483647;
			files = (
				6348810F1D7A514900038261 /* UnivMyPageViewController.swift in Sources */,
				634881381D7AFB7C00038261 /* AnswerInputViewController.swift in Sources */,
				63D26F861D81929200FEE093 /* MyQuestionListViewController.swift in Sources */,
				6348815F1D7D441700038261 /* README.md in Sources */,
				633ABBF41D6F1A2F004819D1 /* TopBranchViewController.swift in Sources */,
				6348811D1D7A7E6600038261 /* QuestionViewController.swift in Sources */,
				634881341D7AA88000038261 /* QuestionDetailViewController.swift in Sources */,
				63D26F7C1D804DC500FEE093 /* NSTimeInterval+Extension.swift in Sources */,
				634881621D7D441700038261 /* StoryboardHelper.swift in Sources */,
				634881711D7E9A6900038261 /* QuestionForUnivModel.swift in Sources */,
				634881681D7D5B0700038261 /* AnswerConfirmViewController.swift in Sources */,
				634881321D7A992500038261 /* QuestionPostTableViewCell.swift in Sources */,
				633ABBF21D6F1A2F004819D1 /* AppDelegate.swift in Sources */,
				63D26F8C1D819AD400FEE093 /* RespondentModel.swift in Sources */,
				63D26F891D81940200FEE093 /* MyQuestionListTableViewCell.swift in Sources */,
				6348814A1D7D427200038261 /* UnivTabBarController.swift in Sources */,
				6348816C1D7D787500038261 /* MatchyColor.swift in Sources */,
				63D26F7A1D804B0000FEE093 /* String+Extension.swift in Sources */,
				63D26F8E1D819B0500FEE093 /* QuestionForHighSchModel.swift in Sources */,
				634881301D7A834A00038261 /* UnivFollowerTableViewCell.swift in Sources */,
			);
			runOnlyForDeploymentPostprocessing = 0;
		};
		633ABBFE1D6F1A2F004819D1 /* Sources */ = {
			isa = PBXSourcesBuildPhase;
			buildActionMask = 2147483647;
			files = (
				634881721D7E9A6900038261 /* QuestionForUnivModel.swift in Sources */,
				6348816D1D7D787500038261 /* MatchyColor.swift in Sources */,
				633ABC071D6F1A2F004819D1 /* MatchyTest01Tests.swift in Sources */,
			);
			runOnlyForDeploymentPostprocessing = 0;
		};
		633ABC091D6F1A2F004819D1 /* Sources */ = {
			isa = PBXSourcesBuildPhase;
			buildActionMask = 2147483647;
			files = (
				634881731D7E9A6900038261 /* QuestionForUnivModel.swift in Sources */,
				6348816E1D7D787500038261 /* MatchyColor.swift in Sources */,
				633ABC121D6F1A2F004819D1 /* MatchyTest01UITests.swift in Sources */,
			);
			runOnlyForDeploymentPostprocessing = 0;
		};
/* End PBXSourcesBuildPhase section */

/* Begin PBXTargetDependency section */
		633ABC041D6F1A2F004819D1 /* PBXTargetDependency */ = {
			isa = PBXTargetDependency;
			target = 633ABBED1D6F1A2F004819D1 /* MatchyTest01 */;
			targetProxy = 633ABC031D6F1A2F004819D1 /* PBXContainerItemProxy */;
		};
		633ABC0F1D6F1A2F004819D1 /* PBXTargetDependency */ = {
			isa = PBXTargetDependency;
			target = 633ABBED1D6F1A2F004819D1 /* MatchyTest01 */;
			targetProxy = 633ABC0E1D6F1A2F004819D1 /* PBXContainerItemProxy */;
		};
/* End PBXTargetDependency section */

/* Begin PBXVariantGroup section */
		633ABBF51D6F1A2F004819D1 /* Top-Main.storyboard */ = {
			isa = PBXVariantGroup;
			children = (
				633ABBF61D6F1A2F004819D1 /* Base */,
			);
			name = "Top-Main.storyboard";
			sourceTree = "<group>";
		};
/* End PBXVariantGroup section */

/* Begin XCBuildConfiguration section */
		633ABC141D6F1A2F004819D1 /* Debug */ = {
			isa = XCBuildConfiguration;
			buildSettings = {
				ALWAYS_SEARCH_USER_PATHS = NO;
				CLANG_ANALYZER_NONNULL = YES;
				CLANG_CXX_LANGUAGE_STANDARD = "gnu++0x";
				CLANG_CXX_LIBRARY = "libc++";
				CLANG_ENABLE_MODULES = YES;
				CLANG_ENABLE_OBJC_ARC = YES;
				CLANG_WARN_BOOL_CONVERSION = YES;
				CLANG_WARN_CONSTANT_CONVERSION = YES;
				CLANG_WARN_DIRECT_OBJC_ISA_USAGE = YES_ERROR;
				CLANG_WARN_EMPTY_BODY = YES;
				CLANG_WARN_ENUM_CONVERSION = YES;
				CLANG_WARN_INT_CONVERSION = YES;
				CLANG_WARN_OBJC_ROOT_CLASS = YES_ERROR;
				CLANG_WARN_UNREACHABLE_CODE = YES;
				CLANG_WARN__DUPLICATE_METHOD_MATCH = YES;
				"CODE_SIGN_IDENTITY[sdk=iphoneos*]" = "iPhone Developer";
				COPY_PHASE_STRIP = NO;
				DEBUG_INFORMATION_FORMAT = dwarf;
				ENABLE_STRICT_OBJC_MSGSEND = YES;
				ENABLE_TESTABILITY = YES;
				GCC_C_LANGUAGE_STANDARD = gnu99;
				GCC_DYNAMIC_NO_PIC = NO;
				GCC_NO_COMMON_BLOCKS = YES;
				GCC_OPTIMIZATION_LEVEL = 0;
				GCC_PREPROCESSOR_DEFINITIONS = (
					"DEBUG=1",
					"$(inherited)",
				);
				GCC_WARN_64_TO_32_BIT_CONVERSION = YES;
				GCC_WARN_ABOUT_RETURN_TYPE = YES_ERROR;
				GCC_WARN_UNDECLARED_SELECTOR = YES;
				GCC_WARN_UNINITIALIZED_AUTOS = YES_AGGRESSIVE;
				GCC_WARN_UNUSED_FUNCTION = YES;
				GCC_WARN_UNUSED_VARIABLE = YES;
				IPHONEOS_DEPLOYMENT_TARGET = 9.3;
				MTL_ENABLE_DEBUG_INFO = YES;
				ONLY_ACTIVE_ARCH = YES;
				SDKROOT = iphoneos;
				SWIFT_OPTIMIZATION_LEVEL = "-Onone";
			};
			name = Debug;
		};
		633ABC151D6F1A2F004819D1 /* Release */ = {
			isa = XCBuildConfiguration;
			buildSettings = {
				ALWAYS_SEARCH_USER_PATHS = NO;
				CLANG_ANALYZER_NONNULL = YES;
				CLANG_CXX_LANGUAGE_STANDARD = "gnu++0x";
				CLANG_CXX_LIBRARY = "libc++";
				CLANG_ENABLE_MODULES = YES;
				CLANG_ENABLE_OBJC_ARC = YES;
				CLANG_WARN_BOOL_CONVERSION = YES;
				CLANG_WARN_CONSTANT_CONVERSION = YES;
				CLANG_WARN_DIRECT_OBJC_ISA_USAGE = YES_ERROR;
				CLANG_WARN_EMPTY_BODY = YES;
				CLANG_WARN_ENUM_CONVERSION = YES;
				CLANG_WARN_INT_CONVERSION = YES;
				CLANG_WARN_OBJC_ROOT_CLASS = YES_ERROR;
				CLANG_WARN_UNREACHABLE_CODE = YES;
				CLANG_WARN__DUPLICATE_METHOD_MATCH = YES;
				"CODE_SIGN_IDENTITY[sdk=iphoneos*]" = "iPhone Developer";
				COPY_PHASE_STRIP = NO;
				DEBUG_INFORMATION_FORMAT = "dwarf-with-dsym";
				ENABLE_NS_ASSERTIONS = NO;
				ENABLE_STRICT_OBJC_MSGSEND = YES;
				GCC_C_LANGUAGE_STANDARD = gnu99;
				GCC_NO_COMMON_BLOCKS = YES;
				GCC_WARN_64_TO_32_BIT_CONVERSION = YES;
				GCC_WARN_ABOUT_RETURN_TYPE = YES_ERROR;
				GCC_WARN_UNDECLARED_SELECTOR = YES;
				GCC_WARN_UNINITIALIZED_AUTOS = YES_AGGRESSIVE;
				GCC_WARN_UNUSED_FUNCTION = YES;
				GCC_WARN_UNUSED_VARIABLE = YES;
				IPHONEOS_DEPLOYMENT_TARGET = 9.3;
				MTL_ENABLE_DEBUG_INFO = NO;
				SDKROOT = iphoneos;
				VALIDATE_PRODUCT = YES;
			};
			name = Release;
		};
		633ABC171D6F1A2F004819D1 /* Debug */ = {
			isa = XCBuildConfiguration;
			buildSettings = {
				ASSETCATALOG_COMPILER_APPICON_NAME = AppIcon;
				CODE_SIGN_IDENTITY = "iPhone Developer";
				"CODE_SIGN_IDENTITY[sdk=iphoneos*]" = "iPhone Developer";
				INFOPLIST_FILE = MatchyTest01/Info.plist;
				IPHONEOS_DEPLOYMENT_TARGET = 9.2;
				LD_RUNPATH_SEARCH_PATHS = "$(inherited) @executable_path/Frameworks";
				PRODUCT_BUNDLE_IDENTIFIER = com.wataru.MatchyTest01;
				PRODUCT_NAME = "$(TARGET_NAME)";
				PROVISIONING_PROFILE = "";
			};
			name = Debug;
		};
		633ABC181D6F1A2F004819D1 /* Release */ = {
			isa = XCBuildConfiguration;
			buildSettings = {
				ASSETCATALOG_COMPILER_APPICON_NAME = AppIcon;
				CODE_SIGN_IDENTITY = "iPhone Developer";
				"CODE_SIGN_IDENTITY[sdk=iphoneos*]" = "iPhone Developer";
				INFOPLIST_FILE = MatchyTest01/Info.plist;
				IPHONEOS_DEPLOYMENT_TARGET = 9.2;
				LD_RUNPATH_SEARCH_PATHS = "$(inherited) @executable_path/Frameworks";
				PRODUCT_BUNDLE_IDENTIFIER = com.wataru.MatchyTest01;
				PRODUCT_NAME = "$(TARGET_NAME)";
				PROVISIONING_PROFILE = "";
			};
			name = Release;
		};
		633ABC1A1D6F1A2F004819D1 /* Debug */ = {
			isa = XCBuildConfiguration;
			buildSettings = {
				BUNDLE_LOADER = "$(TEST_HOST)";
				INFOPLIST_FILE = MatchyTest01Tests/Info.plist;
				LD_RUNPATH_SEARCH_PATHS = "$(inherited) @executable_path/Frameworks @loader_path/Frameworks";
				PRODUCT_BUNDLE_IDENTIFIER = com.wataru.MatchyTest01Tests;
				PRODUCT_NAME = "$(TARGET_NAME)";
				TEST_HOST = "$(BUILT_PRODUCTS_DIR)/MatchyTest01.app/MatchyTest01";
			};
			name = Debug;
		};
		633ABC1B1D6F1A2F004819D1 /* Release */ = {
			isa = XCBuildConfiguration;
			buildSettings = {
				BUNDLE_LOADER = "$(TEST_HOST)";
				INFOPLIST_FILE = MatchyTest01Tests/Info.plist;
				LD_RUNPATH_SEARCH_PATHS = "$(inherited) @executable_path/Frameworks @loader_path/Frameworks";
				PRODUCT_BUNDLE_IDENTIFIER = com.wataru.MatchyTest01Tests;
				PRODUCT_NAME = "$(TARGET_NAME)";
				TEST_HOST = "$(BUILT_PRODUCTS_DIR)/MatchyTest01.app/MatchyTest01";
			};
			name = Release;
		};
		633ABC1D1D6F1A2F004819D1 /* Debug */ = {
			isa = XCBuildConfiguration;
			buildSettings = {
				INFOPLIST_FILE = MatchyTest01UITests/Info.plist;
				LD_RUNPATH_SEARCH_PATHS = "$(inherited) @executable_path/Frameworks @loader_path/Frameworks";
				PRODUCT_BUNDLE_IDENTIFIER = com.wataru.MatchyTest01UITests;
				PRODUCT_NAME = "$(TARGET_NAME)";
				TEST_TARGET_NAME = MatchyTest01;
			};
			name = Debug;
		};
		633ABC1E1D6F1A2F004819D1 /* Release */ = {
			isa = XCBuildConfiguration;
			buildSettings = {
				INFOPLIST_FILE = MatchyTest01UITests/Info.plist;
				LD_RUNPATH_SEARCH_PATHS = "$(inherited) @executable_path/Frameworks @loader_path/Frameworks";
				PRODUCT_BUNDLE_IDENTIFIER = com.wataru.MatchyTest01UITests;
				PRODUCT_NAME = "$(TARGET_NAME)";
				TEST_TARGET_NAME = MatchyTest01;
			};
			name = Release;
		};
/* End XCBuildConfiguration section */

/* Begin XCConfigurationList section */
		633ABBE91D6F1A2F004819D1 /* Build configuration list for PBXProject "MatchyTest01" */ = {
			isa = XCConfigurationList;
			buildConfigurations = (
				633ABC141D6F1A2F004819D1 /* Debug */,
				633ABC151D6F1A2F004819D1 /* Release */,
			);
			defaultConfigurationIsVisible = 0;
			defaultConfigurationName = Release;
		};
		633ABC161D6F1A2F004819D1 /* Build configuration list for PBXNativeTarget "MatchyTest01" */ = {
			isa = XCConfigurationList;
			buildConfigurations = (
				633ABC171D6F1A2F004819D1 /* Debug */,
				633ABC181D6F1A2F004819D1 /* Release */,
			);
			defaultConfigurationIsVisible = 0;
			defaultConfigurationName = Release;
		};
		633ABC191D6F1A2F004819D1 /* Build configuration list for PBXNativeTarget "MatchyTest01Tests" */ = {
			isa = XCConfigurationList;
			buildConfigurations = (
				633ABC1A1D6F1A2F004819D1 /* Debug */,
				633ABC1B1D6F1A2F004819D1 /* Release */,
			);
			defaultConfigurationIsVisible = 0;
			defaultConfigurationName = Release;
		};
		633ABC1C1D6F1A2F004819D1 /* Build configuration list for PBXNativeTarget "MatchyTest01UITests" */ = {
			isa = XCConfigurationList;
			buildConfigurations = (
				633ABC1D1D6F1A2F004819D1 /* Debug */,
				633ABC1E1D6F1A2F004819D1 /* Release */,
			);
			defaultConfigurationIsVisible = 0;
			defaultConfigurationName = Release;
		};
/* End XCConfigurationList section */
	};
	rootObject = 633ABBE61D6F1A2F004819D1 /* Project object */;
}
